{
  "originHash" : "b7c785e1b56e9f2b1d6fbeb16bf6266e2d96361a68d2994974a802e10bcb38bd",
  "pins" : [
    {
      "identity" : "dojo-tap-to-pay-on-iphone-sdk",
      "kind" : "remoteSourceControl",
      "location" : "https://github.com/dojo-engineering/dojo-tap-to-pay-on-iphone-sdk",
      "state" : {
        "revision" : "a09546889a5b175b1c43cb4d3a11538d6f3728c1",
        "version" : "0.0.17"
      }
    }
  ],
  "version" : 3
}
