{
  "originHash" : "b7c785e1b56e9f2b1d6fbeb16bf6266e2d96361a68d2994974a802e10bcb38bd",
  "pins" : [
    {
      "identity" : "dojo-tap-to-pay-on-iphone-sdk",
      "kind" : "remoteSourceControl",
      "location" : "https://github.com/dojo-engineering/dojo-tap-to-pay-on-iphone-sdk",
      "state" : {
        "revision" : "075fbc257f10d84b5c6e36fc7f1074bf05e6149c",
        "version" : "0.0.25"
      }
    }
  ],
  "version" : 3
}
