{
  "originHash" : "b7c785e1b56e9f2b1d6fbeb16bf6266e2d96361a68d2994974a802e10bcb38bd",
  "pins" : [
    {
      "identity" : "dojo-tap-to-pay-on-iphone-sdk",
      "kind" : "remoteSourceControl",
      "location" : "https://github.com/dojo-engineering/dojo-tap-to-pay-on-iphone-sdk",
      "state" : {
        "revision" : "0ca357c7d704a54b4b6064e61b2f178d3c5377a0",
        "version" : "0.0.2"
      }
    }
  ],
  "version" : 3
}
